// !$*UTF8*$!
{
	archiveVersion = 1;
	classes = {
	};
	objectVersion = 56;
	objects = {

/* Begin PBXBuildFile section */
		0D59058F29FBAA3E0078E94F /* HeaderView.swift in Sources */ = {isa = PBXBuildFile; fileRef = 0D59058E29FBAA3E0078E94F /* HeaderView.swift */; };
		8519135B29F8D18B0093105D /* MyFitApp.swift in Sources */ = {isa = PBXBuildFile; fileRef = 8519135A29F8D18B0093105D /* MyFitApp.swift */; };
		8519135D29F8D18B0093105D /* ContentView.swift in Sources */ = {isa = PBXBuildFile; fileRef = 8519135C29F8D18B0093105D /* ContentView.swift */; };
		8519135F29F8D18C0093105D /* Assets.xcassets in Resources */ = {isa = PBXBuildFile; fileRef = 8519135E29F8D18C0093105D /* Assets.xcassets */; };
		8519136229F8D18C0093105D /* Preview Assets.xcassets in Resources */ = {isa = PBXBuildFile; fileRef = 8519136129F8D18C0093105D /* Preview Assets.xcassets */; };
		8519136929F8D2AF0093105D /* WelcomeView.swift in Sources */ = {isa = PBXBuildFile; fileRef = 8519136829F8D2AF0093105D /* WelcomeView.swift */; };
		8519136B29F8D2BE0093105D /* ExerciseView.swift in Sources */ = {isa = PBXBuildFile; fileRef = 8519136A29F8D2BE0093105D /* ExerciseView.swift */; };
		8519137329F8D51B0093105D /* squat.mp4 in Resources */ = {isa = PBXBuildFile; fileRef = 8519136F29F8D51B0093105D /* squat.mp4 */; };
		8519137429F8D51B0093105D /* sun-salute.mp4 in Resources */ = {isa = PBXBuildFile; fileRef = 8519137029F8D51B0093105D /* sun-salute.mp4 */; };
		8519137529F8D51B0093105D /* step-up.mp4 in Resources */ = {isa = PBXBuildFile; fileRef = 8519137129F8D51B0093105D /* step-up.mp4 */; };
		8519137629F8D51B0093105D /* burpee.mp4 in Resources */ = {isa = PBXBuildFile; fileRef = 8519137229F8D51B0093105D /* burpee.mp4 */; };
/* End PBXBuildFile section */

/* Begin PBXFileReference section */
		0D59058E29FBAA3E0078E94F /* HeaderView.swift */ = {isa = PBXFileReference; lastKnownFileType = sourcecode.swift; path = HeaderView.swift; sourceTree = "<group>"; };
		8519135729F8D18B0093105D /* MyFit.app */ = {isa = PBXFileReference; explicitFileType = wrapper.application; includeInIndex = 0; path = MyFit.app; sourceTree = BUILT_PRODUCTS_DIR; };
		8519135A29F8D18B0093105D /* MyFitApp.swift */ = {isa = PBXFileReference; lastKnownFileType = sourcecode.swift; path = MyFitApp.swift; sourceTree = "<group>"; };
		8519135C29F8D18B0093105D /* ContentView.swift */ = {isa = PBXFileReference; lastKnownFileType = sourcecode.swift; path = ContentView.swift; sourceTree = "<group>"; };
		8519135E29F8D18C0093105D /* Assets.xcassets */ = {isa = PBXFileReference; lastKnownFileType = folder.assetcatalog; path = Assets.xcassets; sourceTree = "<group>"; };
		8519136129F8D18C0093105D /* Preview Assets.xcassets */ = {isa = PBXFileReference; lastKnownFileType = folder.assetcatalog; path = "Preview Assets.xcassets"; sourceTree = "<group>"; };
		8519136829F8D2AF0093105D /* WelcomeView.swift */ = {isa = PBXFileReference; lastKnownFileType = sourcecode.swift; path = WelcomeView.swift; sourceTree = "<group>"; };
		8519136A29F8D2BE0093105D /* ExerciseView.swift */ = {isa = PBXFileReference; lastKnownFileType = sourcecode.swift; path = ExerciseView.swift; sourceTree = "<group>"; };
		8519136F29F8D51B0093105D /* squat.mp4 */ = {isa = PBXFileReference; lastKnownFileType = file; path = squat.mp4; sourceTree = "<group>"; };
		8519137029F8D51B0093105D /* sun-salute.mp4 */ = {isa = PBXFileReference; lastKnownFileType = file; path = "sun-salute.mp4"; sourceTree = "<group>"; };
		8519137129F8D51B0093105D /* step-up.mp4 */ = {isa = PBXFileReference; lastKnownFileType = file; path = "step-up.mp4"; sourceTree = "<group>"; };
		8519137229F8D51B0093105D /* burpee.mp4 */ = {isa = PBXFileReference; lastKnownFileType = file; path = burpee.mp4; sourceTree = "<group>"; };
/* End PBXFileReference section */

/* Begin PBXFrameworksBuildPhase section */
		8519135429F8D18B0093105D /* Frameworks */ = {
			isa = PBXFrameworksBuildPhase;
			buildActionMask = 2147483647;
			files = (
			);
			runOnlyForDeploymentPostprocessing = 0;
		};
/* End PBXFrameworksBuildPhase section */

/* Begin PBXGroup section */
		8519134E29F8D18B0093105D = {
			isa = PBXGroup;
			children = (
				8519135929F8D18B0093105D /* MyFit */,
				8519135829F8D18B0093105D /* Products */,
			);
			sourceTree = "<group>";
		};
		8519135829F8D18B0093105D /* Products */ = {
			isa = PBXGroup;
			children = (
				8519135729F8D18B0093105D /* MyFit.app */,
			);
			name = Products;
			sourceTree = "<group>";
		};
		8519135929F8D18B0093105D /* MyFit */ = {
			isa = PBXGroup;
			children = (
				8519136D29F8D4080093105D /* Apps */,
				8519136C29F8D2D30093105D /* Views */,
				8519136029F8D18C0093105D /* Preview Content */,
				8519136E29F8D51B0093105D /* Videos */,
			);
			path = MyFit;
			sourceTree = "<group>";
		};
		8519136029F8D18C0093105D /* Preview Content */ = {
			isa = PBXGroup;
			children = (
				8519136129F8D18C0093105D /* Preview Assets.xcassets */,
			);
			path = "Preview Content";
			sourceTree = "<group>";
		};
		8519136C29F8D2D30093105D /* Views */ = {
			isa = PBXGroup;
			children = (
				8519135C29F8D18B0093105D /* ContentView.swift */,
				8519136829F8D2AF0093105D /* WelcomeView.swift */,
				8519136A29F8D2BE0093105D /* ExerciseView.swift */,
				0D59058E29FBAA3E0078E94F /* HeaderView.swift */,
			);
			path = Views;
			sourceTree = "<group>";
		};
		8519136D29F8D4080093105D /* Apps */ = {
			isa = PBXGroup;
			children = (
				8519135A29F8D18B0093105D /* MyFitApp.swift */,
				8519135E29F8D18C0093105D /* Assets.xcassets */,
			);
			path = Apps;
			sourceTree = "<group>";
		};
		8519136E29F8D51B0093105D /* Videos */ = {
			isa = PBXGroup;
			children = (
				8519136F29F8D51B0093105D /* squat.mp4 */,
				8519137029F8D51B0093105D /* sun-salute.mp4 */,
				8519137129F8D51B0093105D /* step-up.mp4 */,
				8519137229F8D51B0093105D /* burpee.mp4 */,
			);
			path = Videos;
			sourceTree = "<group>";
		};
/* End PBXGroup section */

/* Begin PBXNativeTarget section */
		8519135629F8D18B0093105D /* MyFit */ = {
			isa = PBXNativeTarget;
			buildConfigurationList = 8519136529F8D18C0093105D /* Build configuration list for PBXNativeTarget "MyFit" */;
			buildPhases = (
				8519135329F8D18B0093105D /* Sources */,
				8519135429F8D18B0093105D /* Frameworks */,
				8519135529F8D18B0093105D /* Resources */,
			);
			buildRules = (
			);
			dependencies = (
			);
			name = MyFit;
			productName = MyFit;
			productReference = 8519135729F8D18B0093105D /* MyFit.app */;
			productType = "com.apple.product-type.application";
		};
/* End PBXNativeTarget section */

/* Begin PBXProject section */
		8519134F29F8D18B0093105D /* Project object */ = {
			isa = PBXProject;
			attributes = {
				BuildIndependentTargetsInParallel = 1;
				LastSwiftUpdateCheck = 1430;
				LastUpgradeCheck = 1430;
				TargetAttributes = {
					8519135629F8D18B0093105D = {
						CreatedOnToolsVersion = 14.3;
					};
				};
			};
			buildConfigurationList = 8519135229F8D18B0093105D /* Build configuration list for PBXProject "MyFit" */;
			compatibilityVersion = "Xcode 14.0";
			developmentRegion = en;
			hasScannedForEncodings = 0;
			knownRegions = (
				en,
				Base,
			);
			mainGroup = 8519134E29F8D18B0093105D;
			productRefGroup = 8519135829F8D18B0093105D /* Products */;
			projectDirPath = "";
			projectRoot = "";
			targets = (
				8519135629F8D18B0093105D /* MyFit */,
			);
		};
/* End PBXProject section */

/* Begin PBXResourcesBuildPhase section */
		8519135529F8D18B0093105D /* Resources */ = {
			isa = PBXResourcesBuildPhase;
			buildActionMask = 2147483647;
			files = (
				8519137529F8D51B0093105D /* step-up.mp4 in Resources */,
				8519136229F8D18C0093105D /* Preview Assets.xcassets in Resources */,
				8519137629F8D51B0093105D /* burpee.mp4 in Resources */,
				8519137329F8D51B0093105D /* squat.mp4 in Resources */,
				8519137429F8D51B0093105D /* sun-salute.mp4 in Resources */,
				8519135F29F8D18C0093105D /* Assets.xcassets in Resources */,
			);
			runOnlyForDeploymentPostprocessing = 0;
		};
/* End PBXResourcesBuildPhase section */

/* Begin PBXSourcesBuildPhase section */
		8519135329F8D18B0093105D /* Sources */ = {
			isa = PBXSourcesBuildPhase;
			buildActionMask = 2147483647;
			files = (
				0D59058F29FBAA3E0078E94F /* HeaderView.swift in Sources */,
				8519136B29F8D2BE0093105D /* ExerciseView.swift in Sources */,
				8519135D29F8D18B0093105D /* ContentView.swift in Sources */,
				8519136929F8D2AF0093105D /* WelcomeView.swift in Sources */,
				8519135B29F8D18B0093105D /* MyFitApp.swift in Sources */,
			);
			runOnlyForDeploymentPostprocessing = 0;
		};
/* End PBXSourcesBuildPhase section */

/* Begin XCBuildConfiguration section */
		8519136329F8D18C0093105D /* Debug */ = {
			isa = XCBuildConfiguration;
			buildSettings = {
				ALWAYS_SEARCH_USER_PATHS = NO;
				CLANG_ANALYZER_NONNULL = YES;
				CLANG_ANALYZER_NUMBER_OBJECT_CONVERSION = YES_AGGRESSIVE;
				CLANG_CXX_LANGUAGE_STANDARD = "gnu++20";
				CLANG_ENABLE_MODULES = YES;
				CLANG_ENABLE_OBJC_ARC = YES;
				CLANG_ENABLE_OBJC_WEAK = YES;
				CLANG_WARN_BLOCK_CAPTURE_AUTORELEASING = YES;
				CLANG_WARN_BOOL_CONVERSION = YES;
				CLANG_WARN_COMMA = YES;
				CLANG_WARN_CONSTANT_CONVERSION = YES;
				CLANG_WARN_DEPRECATED_OBJC_IMPLEMENTATIONS = YES;
				CLANG_WARN_DIRECT_OBJC_ISA_USAGE = YES_ERROR;
				CLANG_WARN_DOCUMENTATION_COMMENTS = YES;
				CLANG_WARN_EMPTY_BODY = YES;
				CLANG_WARN_ENUM_CONVERSION = YES;
				CLANG_WARN_INFINITE_RECURSION = YES;
				CLANG_WARN_INT_CONVERSION = YES;
				CLANG_WARN_NON_LITERAL_NULL_CONVERSION = YES;
				CLANG_WARN_OBJC_IMPLICIT_RETAIN_SELF = YES;
				CLANG_WARN_OBJC_LITERAL_CONVERSION = YES;
				CLANG_WARN_OBJC_ROOT_CLASS = YES_ERROR;
				CLANG_WARN_QUOTED_INCLUDE_IN_FRAMEWORK_HEADER = YES;
				CLANG_WARN_RANGE_LOOP_ANALYSIS = YES;
				CLANG_WARN_STRICT_PROTOTYPES = YES;
				CLANG_WARN_SUSPICIOUS_MOVE = YES;
				CLANG_WARN_UNGUARDED_AVAILABILITY = YES_AGGRESSIVE;
				CLANG_WARN_UNREACHABLE_CODE = YES;
				CLANG_WARN__DUPLICATE_METHOD_MATCH = YES;
				COPY_PHASE_STRIP = NO;
				DEBUG_INFORMATION_FORMAT = dwarf;
				ENABLE_STRICT_OBJC_MSGSEND = YES;
				ENABLE_TESTABILITY = YES;
				GCC_C_LANGUAGE_STANDARD = gnu11;
				GCC_DYNAMIC_NO_PIC = NO;
				GCC_NO_COMMON_BLOCKS = YES;
				GCC_OPTIMIZATION_LEVEL = 0;
				GCC_PREPROCESSOR_DEFINITIONS = (
					"DEBUG=1",
					"$(inherited)",
				);
				GCC_WARN_64_TO_32_BIT_CONVERSION = YES;
				GCC_WARN_ABOUT_RETURN_TYPE = YES_ERROR;
				GCC_WARN_UNDECLARED_SELECTOR = YES;
				GCC_WARN_UNINITIALIZED_AUTOS = YES_AGGRESSIVE;
				GCC_WARN_UNUSED_FUNCTION = YES;
				GCC_WARN_UNUSED_VARIABLE = YES;
				IPHONEOS_DEPLOYMENT_TARGET = 16.4;
				MTL_ENABLE_DEBUG_INFO = INCLUDE_SOURCE;
				MTL_FAST_MATH = YES;
				ONLY_ACTIVE_ARCH = YES;
				SDKROOT = iphoneos;
				SWIFT_ACTIVE_COMPILATION_CONDITIONS = DEBUG;
				SWIFT_OPTIMIZATION_LEVEL = "-Onone";
			};
			name = Debug;
		};
		8519136429F8D18C0093105D /* Release */ = {
			isa = XCBuildConfiguration;
			buildSettings = {
				ALWAYS_SEARCH_USER_PATHS = NO;
				CLANG_ANALYZER_NONNULL = YES;
				CLANG_ANALYZER_NUMBER_OBJECT_CONVERSION = YES_AGGRESSIVE;
				CLANG_CXX_LANGUAGE_STANDARD = "gnu++20";
				CLANG_ENABLE_MODULES = YES;
				CLANG_ENABLE_OBJC_ARC = YES;
				CLANG_ENABLE_OBJC_WEAK = YES;
				CLANG_WARN_BLOCK_CAPTURE_AUTORELEASING = YES;
				CLANG_WARN_BOOL_CONVERSION = YES;
				CLANG_WARN_COMMA = YES;
				CLANG_WARN_CONSTANT_CONVERSION = YES;
				CLANG_WARN_DEPRECATED_OBJC_IMPLEMENTATIONS = YES;
				CLANG_WARN_DIRECT_OBJC_ISA_USAGE = YES_ERROR;
				CLANG_WARN_DOCUMENTATION_COMMENTS = YES;
				CLANG_WARN_EMPTY_BODY = YES;
				CLANG_WARN_ENUM_CONVERSION = YES;
				CLANG_WARN_INFINITE_RECURSION = YES;
				CLANG_WARN_INT_CONVERSION = YES;
				CLANG_WARN_NON_LITERAL_NULL_CONVERSION = YES;
				CLANG_WARN_OBJC_IMPLICIT_RETAIN_SELF = YES;
				CLANG_WARN_OBJC_LITERAL_CONVERSION = YES;
				CLANG_WARN_OBJC_ROOT_CLASS = YES_ERROR;
				CLANG_WARN_QUOTED_INCLUDE_IN_FRAMEWORK_HEADER = YES;
				CLANG_WARN_RANGE_LOOP_ANALYSIS = YES;
				CLANG_WARN_STRICT_PROTOTYPES = YES;
				CLANG_WARN_SUSPICIOUS_MOVE = YES;
				CLANG_WARN_UNGUARDED_AVAILABILITY = YES_AGGRESSIVE;
				CLANG_WARN_UNREACHABLE_CODE = YES;
				CLANG_WARN__DUPLICATE_METHOD_MATCH = YES;
				COPY_PHASE_STRIP = NO;
				DEBUG_INFORMATION_FORMAT = "dwarf-with-dsym";
				ENABLE_NS_ASSERTIONS = NO;
				ENABLE_STRICT_OBJC_MSGSEND = YES;
				GCC_C_LANGUAGE_STANDARD = gnu11;
				GCC_NO_COMMON_BLOCKS = YES;
				GCC_WARN_64_TO_32_BIT_CONVERSION = YES;
				GCC_WARN_ABOUT_RETURN_TYPE = YES_ERROR;
				GCC_WARN_UNDECLARED_SELECTOR = YES;
				GCC_WARN_UNINITIALIZED_AUTOS = YES_AGGRESSIVE;
				GCC_WARN_UNUSED_FUNCTION = YES;
				GCC_WARN_UNUSED_VARIABLE = YES;
				IPHONEOS_DEPLOYMENT_TARGET = 16.4;
				MTL_ENABLE_DEBUG_INFO = NO;
				MTL_FAST_MATH = YES;
				SDKROOT = iphoneos;
				SWIFT_COMPILATION_MODE = wholemodule;
				SWIFT_OPTIMIZATION_LEVEL = "-O";
				VALIDATE_PRODUCT = YES;
			};
			name = Release;
		};
		8519136629F8D18C0093105D /* Debug */ = {
			isa = XCBuildConfiguration;
			buildSettings = {
				ASSETCATALOG_COMPILER_APPICON_NAME = AppIcon;
				ASSETCATALOG_COMPILER_GLOBAL_ACCENT_COLOR_NAME = AccentColor;
				CODE_SIGN_STYLE = Automatic;
				CURRENT_PROJECT_VERSION = 1;
				DEVELOPMENT_ASSET_PATHS = "\"MyFit/Preview Content\"";
				DEVELOPMENT_TEAM = S3646888C2;
				ENABLE_PREVIEWS = YES;
				GENERATE_INFOPLIST_FILE = YES;
				INFOPLIST_KEY_UIApplicationSceneManifest_Generation = YES;
				INFOPLIST_KEY_UIApplicationSupportsIndirectInputEvents = YES;
				INFOPLIST_KEY_UILaunchScreen_Generation = YES;
				INFOPLIST_KEY_UISupportedInterfaceOrientations_iPad = "UIInterfaceOrientationPortrait UIInterfaceOrientationPortraitUpsideDown UIInterfaceOrientationLandscapeLeft UIInterfaceOrientationLandscapeRight";
				INFOPLIST_KEY_UISupportedInterfaceOrientations_iPhone = "UIInterfaceOrientationPortrait UIInterfaceOrientationLandscapeLeft UIInterfaceOrientationLandscapeRight";
				LD_RUNPATH_SEARCH_PATHS = (
					"$(inherited)",
					"@executable_path/Frameworks",
				);
				MARKETING_VERSION = 1.0;
				PRODUCT_BUNDLE_IDENTIFIER = bilgin.MyFit;
				PRODUCT_NAME = "$(TARGET_NAME)";
				SWIFT_EMIT_LOC_STRINGS = YES;
				SWIFT_VERSION = 5.0;
				TARGETED_DEVICE_FAMILY = "1,2";
			};
			name = Debug;
		};
		8519136729F8D18C0093105D /* Release */ = {
			isa = XCBuildConfiguration;
			buildSettings = {
				ASSETCATALOG_COMPILER_APPICON_NAME = AppIcon;
				ASSETCATALOG_COMPILER_GLOBAL_ACCENT_COLOR_NAME = AccentColor;
				CODE_SIGN_STYLE = Automatic;
				CURRENT_PROJECT_VERSION = 1;
				DEVELOPMENT_ASSET_PATHS = "\"MyFit/Preview Content\"";
				DEVELOPMENT_TEAM = S3646888C2;
				ENABLE_PREVIEWS = YES;
				GENERATE_INFOPLIST_FILE = YES;
				INFOPLIST_KEY_UIApplicationSceneManifest_Generation = YES;
				INFOPLIST_KEY_UIApplicationSupportsIndirectInputEvents = YES;
				INFOPLIST_KEY_UILaunchScreen_Generation = YES;
				INFOPLIST_KEY_UISupportedInterfaceOrientations_iPad = "UIInterfaceOrientationPortrait UIInterfaceOrientationPortraitUpsideDown UIInterfaceOrientationLandscapeLeft UIInterfaceOrientationLandscapeRight";
				INFOPLIST_KEY_UISupportedInterfaceOrientations_iPhone = "UIInterfaceOrientationPortrait UIInterfaceOrientationLandscapeLeft UIInterfaceOrientationLandscapeRight";
				LD_RUNPATH_SEARCH_PATHS = (
					"$(inherited)",
					"@executable_path/Frameworks",
				);
				MARKETING_VERSION = 1.0;
				PRODUCT_BUNDLE_IDENTIFIER = bilgin.MyFit;
				PRODUCT_NAME = "$(TARGET_NAME)";
				SWIFT_EMIT_LOC_STRINGS = YES;
				SWIFT_VERSION = 5.0;
				TARGETED_DEVICE_FAMILY = "1,2";
			};
			name = Release;
		};
/* End XCBuildConfiguration section */

/* Begin XCConfigurationList section */
		8519135229F8D18B0093105D /* Build configuration list for PBXProject "MyFit" */ = {
			isa = XCConfigurationList;
			buildConfigurations = (
				8519136329F8D18C0093105D /* Debug */,
				8519136429F8D18C0093105D /* Release */,
			);
			defaultConfigurationIsVisible = 0;
			defaultConfigurationName = Release;
		};
		8519136529F8D18C0093105D /* Build configuration list for PBXNativeTarget "MyFit" */ = {
			isa = XCConfigurationList;
			buildConfigurations = (
				8519136629F8D18C0093105D /* Debug */,
				8519136729F8D18C0093105D /* Release */,
			);
			defaultConfigurationIsVisible = 0;
			defaultConfigurationName = Release;
		};
/* End XCConfigurationList section */
	};
	rootObject = 8519134F29F8D18B0093105D /* Project object */;
}
